
Microsoft Visual Studio Solution File, Format Version 12.00
# Visual Studio 15
VisualStudioVersion = 15.0.27703.2018
MinimumVisualStudioVersion = 10.0.40219.1
Project("{FAE04EC0-301F-11D3-BF4B-00C04F79EFBC}") = "Move Picture", "Move Picture\Move Picture.csproj", "{6B0BE1CE-D0EF-474E-A2DA-A9B034F59B17}"
EndProject
Global
	GlobalSection(SolutionConfigurationPlatforms) = preSolution
		Debug|Any CPU = Debug|Any CPU
		Release|Any CPU = Release|Any CPU
	EndGlobalSection
	GlobalSection(ProjectConfigurationPlatforms) = postSolution
		{6B0BE1CE-D0EF-474E-A2DA-A9B034F59B17}.Debug|Any CPU.ActiveCfg = Debug|Any CPU
		{6B0BE1CE-D0EF-474E-A2DA-A9B034F59B17}.Debug|Any CPU.Build.0 = Debug|Any CPU
		{6B0BE1CE-D0EF-474E-A2DA-A9B034F59B17}.Release|Any CPU.ActiveCfg = Release|Any CPU
		{6B0BE1CE-D0EF-474E-A2DA-A9B034F59B17}.Release|Any CPU.Build.0 = Release|Any CPU
	EndGlobalSection
	GlobalSection(SolutionProperties) = preSolution
		HideSolutionNode = FALSE
	EndGlobalSection
	GlobalSection(ExtensibilityGlobals) = postSolution
		SolutionGuid = {2F2A7AC9-6582-4F65-8D6F-5196A8949CAD}
	EndGlobalSection
EndGlobal
